
Microsoft Visual Studio Solution File, Format Version 12.00
# Visual Studio 15
VisualStudioVersion = 15.0.28307.489
MinimumVisualStudioVersion = 10.0.40219.1
Project("{FAE04EC0-301F-11D3-BF4B-00C04F79EFBC}") = "CircleFirstAlgorithm", "CircleFirstAlgorithm\CircleFirstAlgorithm.csproj", "{302C85CD-8DFA-4AC5-A0C4-7481FFEE2E6B}"
EndProject
Global
	GlobalSection(SolutionConfigurationPlatforms) = preSolution
		Debug|Any CPU = Debug|Any CPU
		Release|Any CPU = Release|Any CPU
	EndGlobalSection
	GlobalSection(ProjectConfigurationPlatforms) = postSolution
		{302C85CD-8DFA-4AC5-A0C4-7481FFEE2E6B}.Debug|Any CPU.ActiveCfg = Debug|Any CPU
		{302C85CD-8DFA-4AC5-A0C4-7481FFEE2E6B}.Debug|Any CPU.Build.0 = Debug|Any CPU
		{302C85CD-8DFA-4AC5-A0C4-7481FFEE2E6B}.Release|Any CPU.ActiveCfg = Release|Any CPU
		{302C85CD-8DFA-4AC5-A0C4-7481FFEE2E6B}.Release|Any CPU.Build.0 = Release|Any CPU
	EndGlobalSection
	GlobalSection(SolutionProperties) = preSolution
		HideSolutionNode = FALSE
	EndGlobalSection
	GlobalSection(ExtensibilityGlobals) = postSolution
		SolutionGuid = {219B4464-1D35-40D8-8FA9-609BAE82E40B}
	EndGlobalSection
EndGlobal
